// !$*UTF8*$!
{
	archiveVersion = 1;
	classes = {
	};
	objectVersion = 50;
	objects = {

/* Begin PBXBuildFile section */
		FA7CED3821B663950094AFAF /* AppDelegate.swift in Sources */ = {isa = PBXBuildFile; fileRef = FA7CED3721B663950094AFAF /* AppDelegate.swift */; };
		FA7CED3A21B663950094AFAF /* ViewController.swift in Sources */ = {isa = PBXBuildFile; fileRef = FA7CED3921B663950094AFAF /* ViewController.swift */; };
		FA7CED3D21B663950094AFAF /* Main.storyboard in Resources */ = {isa = PBXBuildFile; fileRef = FA7CED3B21B663950094AFAF /* Main.storyboard */; };
		FA7CED3F21B663990094AFAF /* Assets.xcassets in Resources */ = {isa = PBXBuildFile; fileRef = FA7CED3E21B663990094AFAF /* Assets.xcassets */; };
		FA7CED4221B663990094AFAF /* LaunchScreen.storyboard in Resources */ = {isa = PBXBuildFile; fileRef = FA7CED4021B663990094AFAF /* LaunchScreen.storyboard */; };
		FA7CED4D21B663990094AFAF /* TeleprompterTests.swift in Sources */ = {isa = PBXBuildFile; fileRef = FA7CED4C21B663990094AFAF /* TeleprompterTests.swift */; };
		FA7CED5821B663990094AFAF /* TeleprompterUITests.swift in Sources */ = {isa = PBXBuildFile; fileRef = FA7CED5721B663990094AFAF /* TeleprompterUITests.swift */; };
/* End PBXBuildFile section */

/* Begin PBXContainerItemProxy section */
		FA7CED4921B663990094AFAF /* PBXContainerItemProxy */ = {
			isa = PBXContainerItemProxy;
			containerPortal = FA7CED2C21B663950094AFAF /* Project object */;
			proxyType = 1;
			remoteGlobalIDString = FA7CED3321B663950094AFAF;
			remoteInfo = Teleprompter;
		};
		FA7CED5421B663990094AFAF /* PBXContainerItemProxy */ = {
			isa = PBXContainerItemProxy;
			containerPortal = FA7CED2C21B663950094AFAF /* Project object */;
			proxyType = 1;
			remoteGlobalIDString = FA7CED3321B663950094AFAF;
			remoteInfo = Teleprompter;
		};
/* End PBXContainerItemProxy section */

/* Begin PBXFileReference section */
		FA7CED3421B663950094AFAF /* Teleprompter.app */ = {isa = PBXFileReference; explicitFileType = wrapper.application; includeInIndex = 0; path = Teleprompter.app; sourceTree = BUILT_PRODUCTS_DIR; };
		FA7CED3721B663950094AFAF /* AppDelegate.swift */ = {isa = PBXFileReference; lastKnownFileType = sourcecode.swift; path = AppDelegate.swift; sourceTree = "<group>"; };
		FA7CED3921B663950094AFAF /* ViewController.swift */ = {isa = PBXFileReference; lastKnownFileType = sourcecode.swift; path = ViewController.swift; sourceTree = "<group>"; };
		FA7CED3C21B663950094AFAF /* Base */ = {isa = PBXFileReference; lastKnownFileType = file.storyboard; name = Base; path = Base.lproj/Main.storyboard; sourceTree = "<group>"; };
		FA7CED3E21B663990094AFAF /* Assets.xcassets */ = {isa = PBXFileReference; lastKnownFileType = folder.assetcatalog; path = Assets.xcassets; sourceTree = "<group>"; };
		FA7CED4121B663990094AFAF /* Base */ = {isa = PBXFileReference; lastKnownFileType = file.storyboard; name = Base; path = Base.lproj/LaunchScreen.storyboard; sourceTree = "<group>"; };
		FA7CED4321B663990094AFAF /* Info.plist */ = {isa = PBXFileReference; lastKnownFileType = text.plist.xml; path = Info.plist; sourceTree = "<group>"; };
		FA7CED4821B663990094AFAF /* TeleprompterTests.xctest */ = {isa = PBXFileReference; explicitFileType = wrapper.cfbundle; includeInIndex = 0; path = TeleprompterTests.xctest; sourceTree = BUILT_PRODUCTS_DIR; };
		FA7CED4C21B663990094AFAF /* TeleprompterTests.swift */ = {isa = PBXFileReference; lastKnownFileType = sourcecode.swift; path = TeleprompterTests.swift; sourceTree = "<group>"; };
		FA7CED4E21B663990094AFAF /* Info.plist */ = {isa = PBXFileReference; lastKnownFileType = text.plist.xml; path = Info.plist; sourceTree = "<group>"; };
		FA7CED5321B663990094AFAF /* TeleprompterUITests.xctest */ = {isa = PBXFileReference; explicitFileType = wrapper.cfbundle; includeInIndex = 0; path = TeleprompterUITests.xctest; sourceTree = BUILT_PRODUCTS_DIR; };
		FA7CED5721B663990094AFAF /* TeleprompterUITests.swift */ = {isa = PBXFileReference; lastKnownFileType = sourcecode.swift; path = TeleprompterUITests.swift; sourceTree = "<group>"; };
		FA7CED5921B663990094AFAF /* Info.plist */ = {isa = PBXFileReference; lastKnownFileType = text.plist.xml; path = Info.plist; sourceTree = "<group>"; };
/* End PBXFileReference section */

/* Begin PBXFrameworksBuildPhase section */
		FA7CED3121B663950094AFAF /* Frameworks */ = {
			isa = PBXFrameworksBuildPhase;
			buildActionMask = 2147483647;
			files = (
			);
			runOnlyForDeploymentPostprocessing = 0;
		};
		FA7CED4521B663990094AFAF /* Frameworks */ = {
			isa = PBXFrameworksBuildPhase;
			buildActionMask = 2147483647;
			files = (
			);
			runOnlyForDeploymentPostprocessing = 0;
		};
		FA7CED5021B663990094AFAF /* Frameworks */ = {
			isa = PBXFrameworksBuildPhase;
			buildActionMask = 2147483647;
			files = (
			);
			runOnlyForDeploymentPostprocessing = 0;
		};
/* End PBXFrameworksBuildPhase section */

/* Begin PBXGroup section */
		FA7CED2B21B663950094AFAF = {
			isa = PBXGroup;
			children = (
				FA7CED3621B663950094AFAF /* Teleprompter */,
				FA7CED4B21B663990094AFAF /* TeleprompterTests */,
				FA7CED5621B663990094AFAF /* TeleprompterUITests */,
				FA7CED3521B663950094AFAF /* Products */,
			);
			sourceTree = "<group>";
		};
		FA7CED3521B663950094AFAF /* Products */ = {
			isa = PBXGroup;
			children = (
				FA7CED3421B663950094AFAF /* Teleprompter.app */,
				FA7CED4821B663990094AFAF /* TeleprompterTests.xctest */,
				FA7CED5321B663990094AFAF /* TeleprompterUITests.xctest */,
			);
			name = Products;
			sourceTree = "<group>";
		};
		FA7CED3621B663950094AFAF /* Teleprompter */ = {
			isa = PBXGroup;
			children = (
				FA7CED3721B663950094AFAF /* AppDelegate.swift */,
				FA7CED3921B663950094AFAF /* ViewController.swift */,
				FA7CED3B21B663950094AFAF /* Main.storyboard */,
				FA7CED3E21B663990094AFAF /* Assets.xcassets */,
				FA7CED4021B663990094AFAF /* LaunchScreen.storyboard */,
				FA7CED4321B663990094AFAF /* Info.plist */,
			);
			path = Teleprompter;
			sourceTree = "<group>";
		};
		FA7CED4B21B663990094AFAF /* TeleprompterTests */ = {
			isa = PBXGroup;
			children = (
				FA7CED4C21B663990094AFAF /* TeleprompterTests.swift */,
				FA7CED4E21B663990094AFAF /* Info.plist */,
			);
			path = TeleprompterTests;
			sourceTree = "<group>";
		};
		FA7CED5621B663990094AFAF /* TeleprompterUITests */ = {
			isa = PBXGroup;
			children = (
				FA7CED5721B663990094AFAF /* TeleprompterUITests.swift */,
				FA7CED5921B663990094AFAF /* Info.plist */,
			);
			path = TeleprompterUITests;
			sourceTree = "<group>";
		};
/* End PBXGroup section */

/* Begin PBXNativeTarget section */
		FA7CED3321B663950094AFAF /* Teleprompter */ = {
			isa = PBXNativeTarget;
			buildConfigurationList = FA7CED5C21B663990094AFAF /* Build configuration list for PBXNativeTarget "Teleprompter" */;
			buildPhases = (
				FA7CED3021B663950094AFAF /* Sources */,
				FA7CED3121B663950094AFAF /* Frameworks */,
				FA7CED3221B663950094AFAF /* Resources */,
			);
			buildRules = (
			);
			dependencies = (
			);
			name = Teleprompter;
			productName = Teleprompter;
			productReference = FA7CED3421B663950094AFAF /* Teleprompter.app */;
			productType = "com.apple.product-type.application";
		};
		FA7CED4721B663990094AFAF /* TeleprompterTests */ = {
			isa = PBXNativeTarget;
			buildConfigurationList = FA7CED5F21B663990094AFAF /* Build configuration list for PBXNativeTarget "TeleprompterTests" */;
			buildPhases = (
				FA7CED4421B663990094AFAF /* Sources */,
				FA7CED4521B663990094AFAF /* Frameworks */,
				FA7CED4621B663990094AFAF /* Resources */,
			);
			buildRules = (
			);
			dependencies = (
				FA7CED4A21B663990094AFAF /* PBXTargetDependency */,
			);
			name = TeleprompterTests;
			productName = TeleprompterTests;
			productReference = FA7CED4821B663990094AFAF /* TeleprompterTests.xctest */;
			productType = "com.apple.product-type.bundle.unit-test";
		};
		FA7CED5221B663990094AFAF /* TeleprompterUITests */ = {
			isa = PBXNativeTarget;
			buildConfigurationList = FA7CED6221B663990094AFAF /* Build configuration list for PBXNativeTarget "TeleprompterUITests" */;
			buildPhases = (
				FA7CED4F21B663990094AFAF /* Sources */,
				FA7CED5021B663990094AFAF /* Frameworks */,
				FA7CED5121B663990094AFAF /* Resources */,
			);
			buildRules = (
			);
			dependencies = (
				FA7CED5521B663990094AFAF /* PBXTargetDependency */,
			);
			name = TeleprompterUITests;
			productName = TeleprompterUITests;
			productReference = FA7CED5321B663990094AFAF /* TeleprompterUITests.xctest */;
			productType = "com.apple.product-type.bundle.ui-testing";
		};
/* End PBXNativeTarget section */

/* Begin PBXProject section */
		FA7CED2C21B663950094AFAF /* Project object */ = {
			isa = PBXProject;
			attributes = {
				LastSwiftUpdateCheck = 1010;
				LastUpgradeCheck = 1010;
				ORGANIZATIONNAME = "Kelly Galakatos";
				TargetAttributes = {
					FA7CED3321B663950094AFAF = {
						CreatedOnToolsVersion = 10.1;
					};
					FA7CED4721B663990094AFAF = {
						CreatedOnToolsVersion = 10.1;
						TestTargetID = FA7CED3321B663950094AFAF;
					};
					FA7CED5221B663990094AFAF = {
						CreatedOnToolsVersion = 10.1;
						TestTargetID = FA7CED3321B663950094AFAF;
					};
				};
			};
			buildConfigurationList = FA7CED2F21B663950094AFAF /* Build configuration list for PBXProject "Teleprompter" */;
			compatibilityVersion = "Xcode 9.3";
			developmentRegion = en;
			hasScannedForEncodings = 0;
			knownRegions = (
				en,
				Base,
			);
			mainGroup = FA7CED2B21B663950094AFAF;
			productRefGroup = FA7CED3521B663950094AFAF /* Products */;
			projectDirPath = "";
			projectRoot = "";
			targets = (
				FA7CED3321B663950094AFAF /* Teleprompter */,
				FA7CED4721B663990094AFAF /* TeleprompterTests */,
				FA7CED5221B663990094AFAF /* TeleprompterUITests */,
			);
		};
/* End PBXProject section */

/* Begin PBXResourcesBuildPhase section */
		FA7CED3221B663950094AFAF /* Resources */ = {
			isa = PBXResourcesBuildPhase;
			buildActionMask = 2147483647;
			files = (
				FA7CED4221B663990094AFAF /* LaunchScreen.storyboard in Resources */,
				FA7CED3F21B663990094AFAF /* Assets.xcassets in Resources */,
				FA7CED3D21B663950094AFAF /* Main.storyboard in Resources */,
			);
			runOnlyForDeploymentPostprocessing = 0;
		};
		FA7CED4621B663990094AFAF /* Resources */ = {
			isa = PBXResourcesBuildPhase;
			buildActionMask = 2147483647;
			files = (
			);
			runOnlyForDeploymentPostprocessing = 0;
		};
		FA7CED5121B663990094AFAF /* Resources */ = {
			isa = PBXResourcesBuildPhase;
			buildActionMask = 2147483647;
			files = (
			);
			runOnlyForDeploymentPostprocessing = 0;
		};
/* End PBXResourcesBuildPhase section */

/* Begin PBXSourcesBuildPhase section */
		FA7CED3021B663950094AFAF /* Sources */ = {
			isa = PBXSourcesBuildPhase;
			buildActionMask = 2147483647;
			files = (
				FA7CED3A21B663950094AFAF /* ViewController.swift in Sources */,
				FA7CED3821B663950094AFAF /* AppDelegate.swift in Sources */,
			);
			runOnlyForDeploymentPostprocessing = 0;
		};
		FA7CED4421B663990094AFAF /* Sources */ = {
			isa = PBXSourcesBuildPhase;
			buildActionMask = 2147483647;
			files = (
				FA7CED4D21B663990094AFAF /* TeleprompterTests.swift in Sources */,
			);
			runOnlyForDeploymentPostprocessing = 0;
		};
		FA7CED4F21B663990094AFAF /* Sources */ = {
			isa = PBXSourcesBuildPhase;
			buildActionMask = 2147483647;
			files = (
				FA7CED5821B663990094AFAF /* TeleprompterUITests.swift in Sources */,
			);
			runOnlyForDeploymentPostprocessing = 0;
		};
/* End PBXSourcesBuildPhase section */

/* Begin PBXTargetDependency section */
		FA7CED4A21B663990094AFAF /* PBXTargetDependency */ = {
			isa = PBXTargetDependency;
			target = FA7CED3321B663950094AFAF /* Teleprompter */;
			targetProxy = FA7CED4921B663990094AFAF /* PBXContainerItemProxy */;
		};
		FA7CED5521B663990094AFAF /* PBXTargetDependency */ = {
			isa = PBXTargetDependency;
			target = FA7CED3321B663950094AFAF /* Teleprompter */;
			targetProxy = FA7CED5421B663990094AFAF /* PBXContainerItemProxy */;
		};
/* End PBXTargetDependency section */

/* Begin PBXVariantGroup section */
		FA7CED3B21B663950094AFAF /* Main.storyboard */ = {
			isa = PBXVariantGroup;
			children = (
				FA7CED3C21B663950094AFAF /* Base */,
			);
			name = Main.storyboard;
			sourceTree = "<group>";
		};
		FA7CED4021B663990094AFAF /* LaunchScreen.storyboard */ = {
			isa = PBXVariantGroup;
			children = (
				FA7CED4121B663990094AFAF /* Base */,
			);
			name = LaunchScreen.storyboard;
			sourceTree = "<group>";
		};
/* End PBXVariantGroup section */

/* Begin XCBuildConfiguration section */
		FA7CED5A21B663990094AFAF /* Debug */ = {
			isa = XCBuildConfiguration;
			buildSettings = {
				ALWAYS_SEARCH_USER_PATHS = NO;
				CLANG_ANALYZER_NONNULL = YES;
				CLANG_ANALYZER_NUMBER_OBJECT_CONVERSION = YES_AGGRESSIVE;
				CLANG_CXX_LANGUAGE_STANDARD = "gnu++14";
				CLANG_CXX_LIBRARY = "libc++";
				CLANG_ENABLE_MODULES = YES;
				CLANG_ENABLE_OBJC_ARC = YES;
				CLANG_ENABLE_OBJC_WEAK = YES;
				CLANG_WARN_BLOCK_CAPTURE_AUTORELEASING = YES;
				CLANG_WARN_BOOL_CONVERSION = YES;
				CLANG_WARN_COMMA = YES;
				CLANG_WARN_CONSTANT_CONVERSION = YES;
				CLANG_WARN_DEPRECATED_OBJC_IMPLEMENTATIONS = YES;
				CLANG_WARN_DIRECT_OBJC_ISA_USAGE = YES_ERROR;
				CLANG_WARN_DOCUMENTATION_COMMENTS = YES;
				CLANG_WARN_EMPTY_BODY = YES;
				CLANG_WARN_ENUM_CONVERSION = YES;
				CLANG_WARN_INFINITE_RECURSION = YES;
				CLANG_WARN_INT_CONVERSION = YES;
				CLANG_WARN_NON_LITERAL_NULL_CONVERSION = YES;
				CLANG_WARN_OBJC_IMPLICIT_RETAIN_SELF = YES;
				CLANG_WARN_OBJC_LITERAL_CONVERSION = YES;
				CLANG_WARN_OBJC_ROOT_CLASS = YES_ERROR;
				CLANG_WARN_RANGE_LOOP_ANALYSIS = YES;
				CLANG_WARN_STRICT_PROTOTYPES = YES;
				CLANG_WARN_SUSPICIOUS_MOVE = YES;
				CLANG_WARN_UNGUARDED_AVAILABILITY = YES_AGGRESSIVE;
				CLANG_WARN_UNREACHABLE_CODE = YES;
				CLANG_WARN__DUPLICATE_METHOD_MATCH = YES;
				CODE_SIGN_IDENTITY = "iPhone Developer";
				COPY_PHASE_STRIP = NO;
				DEBUG_INFORMATION_FORMAT = dwarf;
				ENABLE_STRICT_OBJC_MSGSEND = YES;
				ENABLE_TESTABILITY = YES;
				GCC_C_LANGUAGE_STANDARD = gnu11;
				GCC_DYNAMIC_NO_PIC = NO;
				GCC_NO_COMMON_BLOCKS = YES;
				GCC_OPTIMIZATION_LEVEL = 0;
				GCC_PREPROCESSOR_DEFINITIONS = (
					"DEBUG=1",
					"$(inherited)",
				);
				GCC_WARN_64_TO_32_BIT_CONVERSION = YES;
				GCC_WARN_ABOUT_RETURN_TYPE = YES_ERROR;
				GCC_WARN_UNDECLARED_SELECTOR = YES;
				GCC_WARN_UNINITIALIZED_AUTOS = YES_AGGRESSIVE;
				GCC_WARN_UNUSED_FUNCTION = YES;
				GCC_WARN_UNUSED_VARIABLE = YES;
				IPHONEOS_DEPLOYMENT_TARGET = 12.1;
				MTL_ENABLE_DEBUG_INFO = INCLUDE_SOURCE;
				MTL_FAST_MATH = YES;
				ONLY_ACTIVE_ARCH = YES;
				SDKROOT = iphoneos;
				SWIFT_ACTIVE_COMPILATION_CONDITIONS = DEBUG;
				SWIFT_OPTIMIZATION_LEVEL = "-Onone";
			};
			name = Debug;
		};
		FA7CED5B21B663990094AFAF /* Release */ = {
			isa = XCBuildConfiguration;
			buildSettings = {
				ALWAYS_SEARCH_USER_PATHS = NO;
				CLANG_ANALYZER_NONNULL = YES;
				CLANG_ANALYZER_NUMBER_OBJECT_CONVERSION = YES_AGGRESSIVE;
				CLANG_CXX_LANGUAGE_STANDARD = "gnu++14";
				CLANG_CXX_LIBRARY = "libc++";
				CLANG_ENABLE_MODULES = YES;
				CLANG_ENABLE_OBJC_ARC = YES;
				CLANG_ENABLE_OBJC_WEAK = YES;
				CLANG_WARN_BLOCK_CAPTURE_AUTORELEASING = YES;
				CLANG_WARN_BOOL_CONVERSION = YES;
				CLANG_WARN_COMMA = YES;
				CLANG_WARN_CONSTANT_CONVERSION = YES;
				CLANG_WARN_DEPRECATED_OBJC_IMPLEMENTATIONS = YES;
				CLANG_WARN_DIRECT_OBJC_ISA_USAGE = YES_ERROR;
				CLANG_WARN_DOCUMENTATION_COMMENTS = YES;
				CLANG_WARN_EMPTY_BODY = YES;
				CLANG_WARN_ENUM_CONVERSION = YES;
				CLANG_WARN_INFINITE_RECURSION = YES;
				CLANG_WARN_INT_CONVERSION = YES;
				CLANG_WARN_NON_LITERAL_NULL_CONVERSION = YES;
				CLANG_WARN_OBJC_IMPLICIT_RETAIN_SELF = YES;
				CLANG_WARN_OBJC_LITERAL_CONVERSION = YES;
				CLANG_WARN_OBJC_ROOT_CLASS = YES_ERROR;
				CLANG_WARN_RANGE_LOOP_ANALYSIS = YES;
				CLANG_WARN_STRICT_PROTOTYPES = YES;
				CLANG_WARN_SUSPICIOUS_MOVE = YES;
				CLANG_WARN_UNGUARDED_AVAILABILITY = YES_AGGRESSIVE;
				CLANG_WARN_UNREACHABLE_CODE = YES;
				CLANG_WARN__DUPLICATE_METHOD_MATCH = YES;
				CODE_SIGN_IDENTITY = "iPhone Developer";
				COPY_PHASE_STRIP = NO;
				DEBUG_INFORMATION_FORMAT = "dwarf-with-dsym";
				ENABLE_NS_ASSERTIONS = NO;
				ENABLE_STRICT_OBJC_MSGSEND = YES;
				GCC_C_LANGUAGE_STANDARD = gnu11;
				GCC_NO_COMMON_BLOCKS = YES;
				GCC_WARN_64_TO_32_BIT_CONVERSION = YES;
				GCC_WARN_ABOUT_RETURN_TYPE = YES_ERROR;
				GCC_WARN_UNDECLARED_SELECTOR = YES;
				GCC_WARN_UNINITIALIZED_AUTOS = YES_AGGRESSIVE;
				GCC_WARN_UNUSED_FUNCTION = YES;
				GCC_WARN_UNUSED_VARIABLE = YES;
				IPHONEOS_DEPLOYMENT_TARGET = 12.1;
				MTL_ENABLE_DEBUG_INFO = NO;
				MTL_FAST_MATH = YES;
				SDKROOT = iphoneos;
				SWIFT_COMPILATION_MODE = wholemodule;
				SWIFT_OPTIMIZATION_LEVEL = "-O";
				VALIDATE_PRODUCT = YES;
			};
			name = Release;
		};
		FA7CED5D21B663990094AFAF /* Debug */ = {
			isa = XCBuildConfiguration;
			buildSettings = {
				ASSETCATALOG_COMPILER_APPICON_NAME = AppIcon;
				CODE_SIGN_STYLE = Automatic;
				DEVELOPMENT_TEAM = MNP43MUW9S;
				INFOPLIST_FILE = Teleprompter/Info.plist;
				LD_RUNPATH_SEARCH_PATHS = (
					"$(inherited)",
					"@executable_path/Frameworks",
				);
				PRODUCT_BUNDLE_IDENTIFIER = kelly.galakatos.Teleprompter;
				PRODUCT_NAME = "$(TARGET_NAME)";
				SWIFT_VERSION = 4.2;
				TARGETED_DEVICE_FAMILY = "1,2";
			};
			name = Debug;
		};
		FA7CED5E21B663990094AFAF /* Release */ = {
			isa = XCBuildConfiguration;
			buildSettings = {
				ASSETCATALOG_COMPILER_APPICON_NAME = AppIcon;
				CODE_SIGN_STYLE = Automatic;
				DEVELOPMENT_TEAM = MNP43MUW9S;
				INFOPLIST_FILE = Teleprompter/Info.plist;
				LD_RUNPATH_SEARCH_PATHS = (
					"$(inherited)",
					"@executable_path/Frameworks",
				);
				PRODUCT_BUNDLE_IDENTIFIER = kelly.galakatos.Teleprompter;
				PRODUCT_NAME = "$(TARGET_NAME)";
				SWIFT_VERSION = 4.2;
				TARGETED_DEVICE_FAMILY = "1,2";
			};
			name = Release;
		};
		FA7CED6021B663990094AFAF /* Debug */ = {
			isa = XCBuildConfiguration;
			buildSettings = {
				ALWAYS_EMBED_SWIFT_STANDARD_LIBRARIES = YES;
				BUNDLE_LOADER = "$(TEST_HOST)";
				CODE_SIGN_STYLE = Automatic;
				DEVELOPMENT_TEAM = MNP43MUW9S;
				INFOPLIST_FILE = TeleprompterTests/Info.plist;
				LD_RUNPATH_SEARCH_PATHS = (
					"$(inherited)",
					"@executable_path/Frameworks",
					"@loader_path/Frameworks",
				);
				PRODUCT_BUNDLE_IDENTIFIER = kelly.galakatos.TeleprompterTests;
				PRODUCT_NAME = "$(TARGET_NAME)";
				SWIFT_VERSION = 4.2;
				TARGETED_DEVICE_FAMILY = "1,2";
				TEST_HOST = "$(BUILT_PRODUCTS_DIR)/Teleprompter.app/Teleprompter";
			};
			name = Debug;
		};
		FA7CED6121B663990094AFAF /* Release */ = {
			isa = XCBuildConfiguration;
			buildSettings = {
				ALWAYS_EMBED_SWIFT_STANDARD_LIBRARIES = YES;
				BUNDLE_LOADER = "$(TEST_HOST)";
				CODE_SIGN_STYLE = Automatic;
				DEVELOPMENT_TEAM = MNP43MUW9S;
				INFOPLIST_FILE = TeleprompterTests/Info.plist;
				LD_RUNPATH_SEARCH_PATHS = (
					"$(inherited)",
					"@executable_path/Frameworks",
					"@loader_path/Frameworks",
				);
				PRODUCT_BUNDLE_IDENTIFIER = kelly.galakatos.TeleprompterTests;
				PRODUCT_NAME = "$(TARGET_NAME)";
				SWIFT_VERSION = 4.2;
				TARGETED_DEVICE_FAMILY = "1,2";
				TEST_HOST = "$(BUILT_PRODUCTS_DIR)/Teleprompter.app/Teleprompter";
			};
			name = Release;
		};
		FA7CED6321B663990094AFAF /* Debug */ = {
			isa = XCBuildConfiguration;
			buildSettings = {
				ALWAYS_EMBED_SWIFT_STANDARD_LIBRARIES = YES;
				CODE_SIGN_STYLE = Automatic;
				DEVELOPMENT_TEAM = MNP43MUW9S;
				INFOPLIST_FILE = TeleprompterUITests/Info.plist;
				LD_RUNPATH_SEARCH_PATHS = (
					"$(inherited)",
					"@executable_path/Frameworks",
					"@loader_path/Frameworks",
				);
				PRODUCT_BUNDLE_IDENTIFIER = kelly.galakatos.TeleprompterUITests;
				PRODUCT_NAME = "$(TARGET_NAME)";
				SWIFT_VERSION = 4.2;
				TARGETED_DEVICE_FAMILY = "1,2";
				TEST_TARGET_NAME = Teleprompter;
			};
			name = Debug;
		};
		FA7CED6421B663990094AFAF /* Release */ = {
			isa = XCBuildConfiguration;
			buildSettings = {
				ALWAYS_EMBED_SWIFT_STANDARD_LIBRARIES = YES;
				CODE_SIGN_STYLE = Automatic;
				DEVELOPMENT_TEAM = MNP43MUW9S;
				INFOPLIST_FILE = TeleprompterUITests/Info.plist;
				LD_RUNPATH_SEARCH_PATHS = (
					"$(inherited)",
					"@executable_path/Frameworks",
					"@loader_path/Frameworks",
				);
				PRODUCT_BUNDLE_IDENTIFIER = kelly.galakatos.TeleprompterUITests;
				PRODUCT_NAME = "$(TARGET_NAME)";
				SWIFT_VERSION = 4.2;
				TARGETED_DEVICE_FAMILY = "1,2";
				TEST_TARGET_NAME = Teleprompter;
			};
			name = Release;
		};
/* End XCBuildConfiguration section */

/* Begin XCConfigurationList section */
		FA7CED2F21B663950094AFAF /* Build configuration list for PBXProject "Teleprompter" */ = {
			isa = XCConfigurationList;
			buildConfigurations = (
				FA7CED5A21B663990094AFAF /* Debug */,
				FA7CED5B21B663990094AFAF /* Release */,
			);
			defaultConfigurationIsVisible = 0;
			defaultConfigurationName = Release;
		};
		FA7CED5C21B663990094AFAF /* Build configuration list for PBXNativeTarget "Teleprompter" */ = {
			isa = XCConfigurationList;
			buildConfigurations = (
				FA7CED5D21B663990094AFAF /* Debug */,
				FA7CED5E21B663990094AFAF /* Release */,
			);
			defaultConfigurationIsVisible = 0;
			defaultConfigurationName = Release;
		};
		FA7CED5F21B663990094AFAF /* Build configuration list for PBXNativeTarget "TeleprompterTests" */ = {
			isa = XCConfigurationList;
			buildConfigurations = (
				FA7CED6021B663990094AFAF /* Debug */,
				FA7CED6121B663990094AFAF /* Release */,
			);
			defaultConfigurationIsVisible = 0;
			defaultConfigurationName = Release;
		};
		FA7CED6221B663990094AFAF /* Build configuration list for PBXNativeTarget "TeleprompterUITests" */ = {
			isa = XCConfigurationList;
			buildConfigurations = (
				FA7CED6321B663990094AFAF /* Debug */,
				FA7CED6421B663990094AFAF /* Release */,
			);
			defaultConfigurationIsVisible = 0;
			defaultConfigurationName = Release;
		};
/* End XCConfigurationList section */
	};
	rootObject = FA7CED2C21B663950094AFAF /* Project object */;
}
